
Microsoft Visual Studio Solution File, Format Version 12.00
# Visual Studio Version 17
VisualStudioVersion = 17.1.32421.90
MinimumVisualStudioVersion = 10.0.40219.1
Project("{8BC9CEB8-8B4A-11D0-8D11-00A0C91BC942}") = "NeuralNetwork", "NeuralNetwork\NeuralNetwork.vcxproj", "{2A171A54-B7B4-4992-9D7C-BBCBC84ED6FD}"
EndProject
Global
	GlobalSection(SolutionConfigurationPlatforms) = preSolution
		Debug|x64 = Debug|x64
		Debug|x86 = Debug|x86
		Release|x64 = Release|x64
		Release|x86 = Release|x86
	EndGlobalSection
	GlobalSection(ProjectConfigurationPlatforms) = postSolution
		{2A171A54-B7B4-4992-9D7C-BBCBC84ED6FD}.Debug|x64.ActiveCfg = Debug|x64
		{2A171A54-B7B4-4992-9D7C-BBCBC84ED6FD}.Debug|x64.Build.0 = Debug|x64
		{2A171A54-B7B4-4992-9D7C-BBCBC84ED6FD}.Debug|x86.ActiveCfg = Debug|Win32
		{2A171A54-B7B4-4992-9D7C-BBCBC84ED6FD}.Debug|x86.Build.0 = Debug|Win32
		{2A171A54-B7B4-4992-9D7C-BBCBC84ED6FD}.Release|x64.ActiveCfg = Release|x64
		{2A171A54-B7B4-4992-9D7C-BBCBC84ED6FD}.Release|x64.Build.0 = Release|x64
		{2A171A54-B7B4-4992-9D7C-BBCBC84ED6FD}.Release|x86.ActiveCfg = Release|Win32
		{2A171A54-B7B4-4992-9D7C-BBCBC84ED6FD}.Release|x86.Build.0 = Release|Win32
	EndGlobalSection
	GlobalSection(SolutionProperties) = preSolution
		HideSolutionNode = FALSE
	EndGlobalSection
	GlobalSection(ExtensibilityGlobals) = postSolution
		SolutionGuid = {CD5AB9EC-B784-4A42-AC27-C0F974A45A60}
	EndGlobalSection
EndGlobal
